
Microsoft Visual Studio Solution File, Format Version 12.00
# Visual Studio Version 17
VisualStudioVersion = 17.13.35828.75
MinimumVisualStudioVersion = 10.0.40219.1
Project("{FAE04EC0-301F-11D3-BF4B-00C04F79EFBC}") = "TaskAppT2", "TaskAppT2.csproj", "{733D13A6-DC30-4C96-A2A2-5DAC2A31CDB7}"
EndProject
Global
	GlobalSection(SolutionConfigurationPlatforms) = preSolution
		Debug|Any CPU = Debug|Any CPU
		Release|Any CPU = Release|Any CPU
	EndGlobalSection
	GlobalSection(ProjectConfigurationPlatforms) = postSolution
		{733D13A6-DC30-4C96-A2A2-5DAC2A31CDB7}.Debug|Any CPU.ActiveCfg = Debug|Any CPU
		{733D13A6-DC30-4C96-A2A2-5DAC2A31CDB7}.Debug|Any CPU.Build.0 = Debug|Any CPU
		{733D13A6-DC30-4C96-A2A2-5DAC2A31CDB7}.Debug|Any CPU.Deploy.0 = Debug|Any CPU
		{733D13A6-DC30-4C96-A2A2-5DAC2A31CDB7}.Release|Any CPU.ActiveCfg = Release|Any CPU
		{733D13A6-DC30-4C96-A2A2-5DAC2A31CDB7}.Release|Any CPU.Build.0 = Release|Any CPU
	EndGlobalSection
	GlobalSection(SolutionProperties) = preSolution
		HideSolutionNode = FALSE
	EndGlobalSection
	GlobalSection(ExtensibilityGlobals) = postSolution
		SolutionGuid = {522F5D4A-6924-4CC6-ADB7-FD90C5D8D220}
	EndGlobalSection
EndGlobal
